{
  "version": 2,
  "dependencies": {
    "net10.0": {
      "MaxMind.GeoIP2": {
        "type": "Direct",
        "requested": "[6.1.0, )",
        "resolved": "6.1.0",
        "contentHash": "IBy7B0mhzZfLvCZd2znr8+nquNUL8K973MVorQEQowvlX/BHFCVHK6BoMhdIT6ZpDIc8ETMl4ZyixS/6iBQ26A==",
        "dependencies": {
          "MaxMind.Db": "5.1.0",
          "Microsoft.Extensions.Options": "10.0.9"
        }
      },
      "MaxMind.Db": {
        "type": "Transitive",
        "resolved": "5.1.0",
        "contentHash": "u4fynkxX0bNLYaz90N9m9FiaOX22WmEFKlHnvlqw8sswngH54oYvgynhT4GXZvqTy8l7D96/+E9OVzuu34ex9w=="
      },
      "Microsoft.Extensions.DependencyInjection.Abstractions": {
        "type": "Transitive",
        "resolved": "10.0.9",
        "contentHash": "g41l/30G3K4B/d/L8kjux0+30e27c8D0FVQ/PFCpbekgfDpj9mnDhieP67EqXWvl1EWNeZh2rpR4F5B/jcDOHA=="
      },
      "Microsoft.Extensions.Options": {
        "type": "Transitive",
        "resolved": "10.0.9",
        "contentHash": "hyNdX4c2UwkRkzb9byw0H2DQkRzwBM3mzY2sCM9egwzTyg8dvQJmp5noQHGEaaCORQrNK3DD2gREBsc2DlXS4A==",
        "dependencies": {
          "Microsoft.Extensions.DependencyInjection.Abstractions": "10.0.9",
          "Microsoft.Extensions.Primitives": "10.0.9"
        }
      },
      "Microsoft.Extensions.Primitives": {
        "type": "Transitive",
        "resolved": "10.0.9",
        "contentHash": "fmEbAUFsaIKirgLt/lYhuFRBwhcSJN31jjHgCdbQxJiWOum6EdLjkbgGuukSP9z/a+9LibaxII/kF+GwOXgC4g=="
      }
    },
    "net10.0/linux-x64": {}
  }
}